
Microsoft Visual Studio Solution File, Format Version 12.00
# Visual Studio Version 17
VisualStudioVersion = 17.12.35527.113
MinimumVisualStudioVersion = 10.0.40219.1
Project("{FAE04EC0-301F-11D3-BF4B-00C04F79EFBC}") = "Rmn.FinancialDataAnalysis", "Rmn.FinancialDataAnalysis\Rmn.FinancialDataAnalysis.csproj", "{9CEA62C4-6786-4D3E-A4CB-76C9DEA81DC8}"
EndProject
Project("{2150E333-8FDC-42A3-9474-1A3956D46DE8}") = "Docker", "Docker", "{B268D4F6-C83F-4EA9-AD66-FFC60C5A9AC8}"
	ProjectSection(SolutionItems) = preProject
		docker-compose.yml = docker-compose.yml
		DockerFileMySql.dockerfile = DockerFileMySql.dockerfile
	EndProjectSection
EndProject
Project("{FAE04EC0-301F-11D3-BF4B-00C04F79EFBC}") = "Rmn.FinancialDataAnalysis.Tests", "Rmn.FinancialDataAnalysis.Tests\Rmn.FinancialDataAnalysis.Tests.csproj", "{826F2E4D-27C4-40C5-9E95-490CA71D73F6}"
EndProject
Project("{FAE04EC0-301F-11D3-BF4B-00C04F79EFBC}") = "Rmn.FinancialDataAnalysis.Repositories", "Rmn.FinancialDataAnalysis.Repositories\Rmn.FinancialDataAnalysis.Repositories.csproj", "{8420EDD9-A4EC-46CE-AB45-8E115AA17728}"
EndProject
Project("{2150E333-8FDC-42A3-9474-1A3956D46DE8}") = "src", "src", "{2E13BA3C-1C26-4EAE-844C-AAC4D722FC67}"
EndProject
Project("{2150E333-8FDC-42A3-9474-1A3956D46DE8}") = "tests", "tests", "{C30E0CF9-F73F-475C-9091-EC4A4C6AAF98}"
EndProject
Project("{FAE04EC0-301F-11D3-BF4B-00C04F79EFBC}") = "Rmn.FinancialDataAnalysis.Repositories.Tests", "Rmn.FinancialDataAnalysis.Repositories.Tests\Rmn.FinancialDataAnalysis.Repositories.Tests.csproj", "{9084DA35-3770-4123-965C-109F5EACABE3}"
EndProject
Project("{FAE04EC0-301F-11D3-BF4B-00C04F79EFBC}") = "Rmn.FinancialDataAnalysis.Business", "Rmn.FinancialDataAnalysis.Business\Rmn.FinancialDataAnalysis.Business.csproj", "{8F06128A-8B95-4258-8B99-8C5C633D9617}"
EndProject
Project("{FAE04EC0-301F-11D3-BF4B-00C04F79EFBC}") = "Rmn.FinancialDataAnalysis.Shared.Tests", "Rmn.FinancialDataAnalysis.Shared.Tests\Rmn.FinancialDataAnalysis.Shared.Tests.csproj", "{6DF7890E-769A-4AFC-9F49-4F797D630072}"
EndProject
Project("{FAE04EC0-301F-11D3-BF4B-00C04F79EFBC}") = "Rmn.FinancialDataAnalysis.Infrastructure", "Rmn.FinancialDataAnalysis.Infrastructure\Rmn.FinancialDataAnalysis.Infrastructure.csproj", "{931813E9-91B9-4D89-8AAE-18E82556675A}"
EndProject
Project("{FAE04EC0-301F-11D3-BF4B-00C04F79EFBC}") = "Rmn.FinancialDataAnalysis.Infrastructure.Tests", "Rmn.FinancialDataAnalysis.Infrastructure.Tests\Rmn.FinancialDataAnalysis.Infrastructure.Tests.csproj", "{2502FE1E-2845-468D-B72F-C58468D5C5AF}"
EndProject
Project("{FAE04EC0-301F-11D3-BF4B-00C04F79EFBC}") = "Rmn.FinancialDataAnalysis.Migrations", "Rmn.FinancialDataAnalysis.Migrations\Rmn.FinancialDataAnalysis.Migrations.csproj", "{942A7CFD-A9E0-4D85-8B95-5D136DADA491}"
EndProject
Project("{FAE04EC0-301F-11D3-BF4B-00C04F79EFBC}") = "Rmn.FinancialDataAnalysis.Business.Tests", "Rmn.FinancialDataAnalysis.Business.Tests\Rmn.FinancialDataAnalysis.Business.Tests.csproj", "{9EEAD857-83A9-4186-9433-2B865BCCCA5D}"
EndProject
Global
	GlobalSection(SolutionConfigurationPlatforms) = preSolution
		Debug|Any CPU = Debug|Any CPU
		Release|Any CPU = Release|Any CPU
	EndGlobalSection
	GlobalSection(ProjectConfigurationPlatforms) = postSolution
		{9CEA62C4-6786-4D3E-A4CB-76C9DEA81DC8}.Debug|Any CPU.ActiveCfg = Debug|Any CPU
		{9CEA62C4-6786-4D3E-A4CB-76C9DEA81DC8}.Debug|Any CPU.Build.0 = Debug|Any CPU
		{9CEA62C4-6786-4D3E-A4CB-76C9DEA81DC8}.Release|Any CPU.ActiveCfg = Release|Any CPU
		{9CEA62C4-6786-4D3E-A4CB-76C9DEA81DC8}.Release|Any CPU.Build.0 = Release|Any CPU
		{826F2E4D-27C4-40C5-9E95-490CA71D73F6}.Debug|Any CPU.ActiveCfg = Debug|Any CPU
		{826F2E4D-27C4-40C5-9E95-490CA71D73F6}.Debug|Any CPU.Build.0 = Debug|Any CPU
		{826F2E4D-27C4-40C5-9E95-490CA71D73F6}.Release|Any CPU.ActiveCfg = Release|Any CPU
		{826F2E4D-27C4-40C5-9E95-490CA71D73F6}.Release|Any CPU.Build.0 = Release|Any CPU
		{8420EDD9-A4EC-46CE-AB45-8E115AA17728}.Debug|Any CPU.ActiveCfg = Debug|Any CPU
		{8420EDD9-A4EC-46CE-AB45-8E115AA17728}.Debug|Any CPU.Build.0 = Debug|Any CPU
		{8420EDD9-A4EC-46CE-AB45-8E115AA17728}.Release|Any CPU.ActiveCfg = Release|Any CPU
		{8420EDD9-A4EC-46CE-AB45-8E115AA17728}.Release|Any CPU.Build.0 = Release|Any CPU
		{9084DA35-3770-4123-965C-109F5EACABE3}.Debug|Any CPU.ActiveCfg = Debug|Any CPU
		{9084DA35-3770-4123-965C-109F5EACABE3}.Debug|Any CPU.Build.0 = Debug|Any CPU
		{9084DA35-3770-4123-965C-109F5EACABE3}.Release|Any CPU.ActiveCfg = Release|Any CPU
		{9084DA35-3770-4123-965C-109F5EACABE3}.Release|Any CPU.Build.0 = Release|Any CPU
		{8F06128A-8B95-4258-8B99-8C5C633D9617}.Debug|Any CPU.ActiveCfg = Debug|Any CPU
		{8F06128A-8B95-4258-8B99-8C5C633D9617}.Debug|Any CPU.Build.0 = Debug|Any CPU
		{8F06128A-8B95-4258-8B99-8C5C633D9617}.Release|Any CPU.ActiveCfg = Release|Any CPU
		{8F06128A-8B95-4258-8B99-8C5C633D9617}.Release|Any CPU.Build.0 = Release|Any CPU
		{6DF7890E-769A-4AFC-9F49-4F797D630072}.Debug|Any CPU.ActiveCfg = Debug|Any CPU
		{6DF7890E-769A-4AFC-9F49-4F797D630072}.Debug|Any CPU.Build.0 = Debug|Any CPU
		{6DF7890E-769A-4AFC-9F49-4F797D630072}.Release|Any CPU.ActiveCfg = Release|Any CPU
		{6DF7890E-769A-4AFC-9F49-4F797D630072}.Release|Any CPU.Build.0 = Release|Any CPU
		{931813E9-91B9-4D89-8AAE-18E82556675A}.Debug|Any CPU.ActiveCfg = Debug|Any CPU
		{931813E9-91B9-4D89-8AAE-18E82556675A}.Debug|Any CPU.Build.0 = Debug|Any CPU
		{931813E9-91B9-4D89-8AAE-18E82556675A}.Release|Any CPU.ActiveCfg = Release|Any CPU
		{931813E9-91B9-4D89-8AAE-18E82556675A}.Release|Any CPU.Build.0 = Release|Any CPU
		{2502FE1E-2845-468D-B72F-C58468D5C5AF}.Debug|Any CPU.ActiveCfg = Debug|Any CPU
		{2502FE1E-2845-468D-B72F-C58468D5C5AF}.Debug|Any CPU.Build.0 = Debug|Any CPU
		{2502FE1E-2845-468D-B72F-C58468D5C5AF}.Release|Any CPU.ActiveCfg = Release|Any CPU
		{2502FE1E-2845-468D-B72F-C58468D5C5AF}.Release|Any CPU.Build.0 = Release|Any CPU
		{942A7CFD-A9E0-4D85-8B95-5D136DADA491}.Debug|Any CPU.ActiveCfg = Debug|Any CPU
		{942A7CFD-A9E0-4D85-8B95-5D136DADA491}.Debug|Any CPU.Build.0 = Debug|Any CPU
		{942A7CFD-A9E0-4D85-8B95-5D136DADA491}.Release|Any CPU.ActiveCfg = Release|Any CPU
		{942A7CFD-A9E0-4D85-8B95-5D136DADA491}.Release|Any CPU.Build.0 = Release|Any CPU
		{9EEAD857-83A9-4186-9433-2B865BCCCA5D}.Debug|Any CPU.ActiveCfg = Debug|Any CPU
		{9EEAD857-83A9-4186-9433-2B865BCCCA5D}.Debug|Any CPU.Build.0 = Debug|Any CPU
		{9EEAD857-83A9-4186-9433-2B865BCCCA5D}.Release|Any CPU.ActiveCfg = Release|Any CPU
		{9EEAD857-83A9-4186-9433-2B865BCCCA5D}.Release|Any CPU.Build.0 = Release|Any CPU
	EndGlobalSection
	GlobalSection(SolutionProperties) = preSolution
		HideSolutionNode = FALSE
	EndGlobalSection
	GlobalSection(NestedProjects) = preSolution
		{9CEA62C4-6786-4D3E-A4CB-76C9DEA81DC8} = {2E13BA3C-1C26-4EAE-844C-AAC4D722FC67}
		{826F2E4D-27C4-40C5-9E95-490CA71D73F6} = {C30E0CF9-F73F-475C-9091-EC4A4C6AAF98}
		{8420EDD9-A4EC-46CE-AB45-8E115AA17728} = {2E13BA3C-1C26-4EAE-844C-AAC4D722FC67}
		{9084DA35-3770-4123-965C-109F5EACABE3} = {C30E0CF9-F73F-475C-9091-EC4A4C6AAF98}
		{8F06128A-8B95-4258-8B99-8C5C633D9617} = {2E13BA3C-1C26-4EAE-844C-AAC4D722FC67}
		{6DF7890E-769A-4AFC-9F49-4F797D630072} = {C30E0CF9-F73F-475C-9091-EC4A4C6AAF98}
		{931813E9-91B9-4D89-8AAE-18E82556675A} = {2E13BA3C-1C26-4EAE-844C-AAC4D722FC67}
		{2502FE1E-2845-468D-B72F-C58468D5C5AF} = {C30E0CF9-F73F-475C-9091-EC4A4C6AAF98}
		{942A7CFD-A9E0-4D85-8B95-5D136DADA491} = {2E13BA3C-1C26-4EAE-844C-AAC4D722FC67}
		{9EEAD857-83A9-4186-9433-2B865BCCCA5D} = {C30E0CF9-F73F-475C-9091-EC4A4C6AAF98}
	EndGlobalSection
EndGlobal
